{
  "nodes": {
    "copilot-chat-nvim": {
      "flake": false,
      "locked": {
        "lastModified": 1710755758,
        "narHash": "sha256-224Xqg50YjoBJQr1dMSBPXzwz2OOMLtdfK9B11gs5GM=",
        "owner": "CopilotC-Nvim",
        "repo": "CopilotChat.nvim",
        "rev": "28af2e2475ed3ad80fef205aed6e4f86c8786e18",
        "type": "github"
      },
      "original": {
        "owner": "CopilotC-Nvim",
        "ref": "canary",
        "repo": "CopilotChat.nvim",
        "type": "github"
      }
    },
    "copilot-lualine": {
      "flake": false,
      "locked": {
        "lastModified": 1706624198,
        "narHash": "sha256-Ma0wpY2Tg0Kr6Epu3QyGesXRjOcugyJ2NTuOUPSLvLk=",
        "owner": "AndreM222",
        "repo": "copilot-lualine",
        "rev": "9e226cf8f4653e13ec282f5878d66aa435899c8c",
        "type": "github"
      },
      "original": {
        "owner": "AndreM222",
        "repo": "copilot-lualine",
        "type": "github"
      }
    },
    "flake-parts": {
      "inputs": {
        "nixpkgs-lib": "nixpkgs-lib"
      },
      "locked": {
        "lastModified": 1709336216,
        "narHash": "sha256-Dt/wOWeW6Sqm11Yh+2+t0dfEWxoMxGBvv3JpIocFl9E=",
        "owner": "hercules-ci",
        "repo": "flake-parts",
        "rev": "f7b3c975cf067e56e7cda6cb098ebe3fb4d74ca2",
        "type": "github"
      },
      "original": {
        "owner": "hercules-ci",
        "repo": "flake-parts",
        "type": "github"
      }
    },
    "flake-utils": {
      "inputs": {
        "systems": "systems"
      },
      "locked": {
        "lastModified": 1710146030,
        "narHash": "sha256-SZ5L6eA7HJ/nmkzGG7/ISclqe6oZdOZTNoesiInkXPQ=",
        "owner": "numtide",
        "repo": "flake-utils",
        "rev": "b1d9ab70662946ef0850d488da1c9019f3a9752a",
        "type": "github"
      },
      "original": {
        "owner": "numtide",
        "repo": "flake-utils",
        "type": "github"
      }
    },
    "home-manager": {
      "inputs": {
        "nixpkgs": [
          "nixpkgs"
        ]
      },
      "locked": {
        "lastModified": 1710714957,
        "narHash": "sha256-eZCxuF58YWgaJMMRrn8oRkwRhxooe5kBS/s2wRVr9PA=",
        "owner": "nix-community",
        "repo": "home-manager",
        "rev": "7b3fca5adcf6c709874a8f2e0c364fe9c58db989",
        "type": "github"
      },
      "original": {
        "owner": "nix-community",
        "repo": "home-manager",
        "type": "github"
      }
    },
    "nixpkgs": {
      "locked": {
        "lastModified": 1710631334,
        "narHash": "sha256-rL5LSYd85kplL5othxK5lmAtjyMOBg390sGBTb3LRMM=",
        "owner": "nixos",
        "repo": "nixpkgs",
        "rev": "c75037bbf9093a2acb617804ee46320d6d1fea5a",
        "type": "github"
      },
      "original": {
        "owner": "nixos",
        "ref": "nixos-unstable",
        "repo": "nixpkgs",
        "type": "github"
      }
    },
    "nixpkgs-lib": {
      "locked": {
        "dir": "lib",
        "lastModified": 1709237383,
        "narHash": "sha256-cy6ArO4k5qTx+l5o+0mL9f5fa86tYUX3ozE1S+Txlds=",
        "owner": "NixOS",
        "repo": "nixpkgs",
        "rev": "1536926ef5621b09bba54035ae2bb6d806d72ac8",
        "type": "github"
      },
      "original": {
        "dir": "lib",
        "owner": "NixOS",
        "ref": "nixos-unstable",
        "repo": "nixpkgs",
        "type": "github"
      }
    },
    "root": {
      "inputs": {
        "copilot-chat-nvim": "copilot-chat-nvim",
        "copilot-lualine": "copilot-lualine",
        "flake-parts": "flake-parts",
        "flake-utils": "flake-utils",
        "home-manager": "home-manager",
        "nixpkgs": "nixpkgs",
        "treefmt-nix": "treefmt-nix"
      }
    },
    "systems": {
      "locked": {
        "lastModified": 1681028828,
        "narHash": "sha256-Vy1rq5AaRuLzOxct8nz4T6wlgyUR7zLU309k9mBC768=",
        "owner": "nix-systems",
        "repo": "default",
        "rev": "da67096a3b9bf56a91d16901293e51ba5b49a27e",
        "type": "github"
      },
      "original": {
        "owner": "nix-systems",
        "repo": "default",
        "type": "github"
      }
    },
    "treefmt-nix": {
      "inputs": {
        "nixpkgs": [
          "nixpkgs"
        ]
      },
      "locked": {
        "lastModified": 1710278050,
        "narHash": "sha256-Oc6BP7soXqb8itlHI8UKkdf3V9GeJpa1S39SR5+HJys=",
        "owner": "numtide",
        "repo": "treefmt-nix",
        "rev": "35791f76524086ab4b785a33e4abbedfda64bd22",
        "type": "github"
      },
      "original": {
        "owner": "numtide",
        "repo": "treefmt-nix",
        "type": "github"
      }
    }
  },
  "root": "root",
  "version": 7
}
